// !$*UTF8*$!
{
	archiveVersion = 1;
	classes = {
	};
	objectVersion = 46;
	objects = {

/* Begin PBXBuildFile section */
		504ECC031AA1A491006F05C2 /* BindableSwitch.swift in Sources */ = {isa = PBXBuildFile; fileRef = 504ECC021AA1A491006F05C2 /* BindableSwitch.swift */; };
		50544D5E1AC5E2B700BD1B8E /* PTextBindable.swift in Sources */ = {isa = PBXBuildFile; fileRef = 50544D5D1AC5E2B700BD1B8E /* PTextBindable.swift */; };
		50544D621AC5E39400BD1B8E /* PHiddenBindable.swift in Sources */ = {isa = PBXBuildFile; fileRef = 50544D611AC5E39400BD1B8E /* PHiddenBindable.swift */; };
		50965EF11A9A6FC100258080 /* BindableCollectionSection.swift in Sources */ = {isa = PBXBuildFile; fileRef = 50965EF01A9A6FC100258080 /* BindableCollectionSection.swift */; };
		50965EF31A9A6FDF00258080 /* PBindableTableSection.swift in Sources */ = {isa = PBXBuildFile; fileRef = 50965EF21A9A6FDF00258080 /* PBindableTableSection.swift */; };
		50965EF51A9A701200258080 /* PBindableCollectionSection.swift in Sources */ = {isa = PBXBuildFile; fileRef = 50965EF41A9A701200258080 /* PBindableCollectionSection.swift */; };
		50AA32B41A8D49600073EA6A /* BindableTableSection.swift in Sources */ = {isa = PBXBuildFile; fileRef = 50AA32B31A8D49600073EA6A /* BindableTableSection.swift */; };
		50AA32C71A8EC5A60073EA6A /* BindableLabel.swift in Sources */ = {isa = PBXBuildFile; fileRef = 50AA32C61A8EC5A60073EA6A /* BindableLabel.swift */; };
		50BB68951A8574A800842372 /* BindableCollectionView.swift in Sources */ = {isa = PBXBuildFile; fileRef = 50BB68941A8574A800842372 /* BindableCollectionView.swift */; };
		50BEF3121AA908A700790864 /* BindableView.swift in Sources */ = {isa = PBXBuildFile; fileRef = 50BEF3111AA908A700790864 /* BindableView.swift */; };
		50C4A0C21A7AEA8B0010C199 /* SwiftBindingUI.h in Headers */ = {isa = PBXBuildFile; fileRef = 50C4A0C11A7AEA8B0010C199 /* SwiftBindingUI.h */; settings = {ATTRIBUTES = (Public, ); }; };
		50C4A0C81A7AEA8B0010C199 /* SwiftBindingUI.framework in Frameworks */ = {isa = PBXBuildFile; fileRef = 50C4A0BC1A7AEA8B0010C199 /* SwiftBindingUI.framework */; };
		50C4A0E51A7AEB300010C199 /* BindableButton.swift in Sources */ = {isa = PBXBuildFile; fileRef = 50C4A0E41A7AEB300010C199 /* BindableButton.swift */; };
		50C4A0EB1A7AEC970010C199 /* BindableTextField.swift in Sources */ = {isa = PBXBuildFile; fileRef = 50C4A0E61A7AEC970010C199 /* BindableTextField.swift */; };
		50C4A0EC1A7AEC970010C199 /* BindableTextView.swift in Sources */ = {isa = PBXBuildFile; fileRef = 50C4A0E71A7AEC970010C199 /* BindableTextView.swift */; };
		50C4A0ED1A7AEC970010C199 /* BindableImageView.swift in Sources */ = {isa = PBXBuildFile; fileRef = 50C4A0E81A7AEC970010C199 /* BindableImageView.swift */; };
		50C4A0EE1A7AEC970010C199 /* BindableTableView.swift in Sources */ = {isa = PBXBuildFile; fileRef = 50C4A0E91A7AEC970010C199 /* BindableTableView.swift */; };
		50C4A0EF1A7AEC970010C199 /* BindableSearchBar.swift in Sources */ = {isa = PBXBuildFile; fileRef = 50C4A0EA1A7AEC970010C199 /* BindableSearchBar.swift */; };
		54C065B642E975FB8E577746 /* Pods.framework in Frameworks */ = {isa = PBXBuildFile; fileRef = CF324CF05A4F9B9CD14B852C /* Pods.framework */; settings = {ATTRIBUTES = (Weak, ); }; };
		E459820A1AE85FBA008393A5 /* Pods.framework in Frameworks */ = {isa = PBXBuildFile; fileRef = E45982091AE85FBA008393A5 /* Pods.framework */; };
		E459820E1AE87902008393A5 /* UIKit.framework in Frameworks */ = {isa = PBXBuildFile; fileRef = E459820D1AE87902008393A5 /* UIKit.framework */; };
		E462F9271AE83A080019E621 /* PHiddenBindable.swift in Sources */ = {isa = PBXBuildFile; fileRef = 50544D611AC5E39400BD1B8E /* PHiddenBindable.swift */; };
		E462F9281AE83A080019E621 /* PTextBindable.swift in Sources */ = {isa = PBXBuildFile; fileRef = 50544D5D1AC5E2B700BD1B8E /* PTextBindable.swift */; };
		E462F9291AE83A080019E621 /* BindableView.swift in Sources */ = {isa = PBXBuildFile; fileRef = 50BEF3111AA908A700790864 /* BindableView.swift */; };
		E462F92A1AE83A080019E621 /* BindableLabel.swift in Sources */ = {isa = PBXBuildFile; fileRef = 50AA32C61A8EC5A60073EA6A /* BindableLabel.swift */; };
		E462F92B1AE83A080019E621 /* BindableTextField.swift in Sources */ = {isa = PBXBuildFile; fileRef = 50C4A0E61A7AEC970010C199 /* BindableTextField.swift */; };
		E462F92C1AE83A080019E621 /* BindableTextView.swift in Sources */ = {isa = PBXBuildFile; fileRef = 50C4A0E71A7AEC970010C199 /* BindableTextView.swift */; };
		E462F92D1AE83A080019E621 /* BindableImageView.swift in Sources */ = {isa = PBXBuildFile; fileRef = 50C4A0E81A7AEC970010C199 /* BindableImageView.swift */; };
		E462F92E1AE83A080019E621 /* BindableSearchBar.swift in Sources */ = {isa = PBXBuildFile; fileRef = 50C4A0EA1A7AEC970010C199 /* BindableSearchBar.swift */; };
		E462F92F1AE83A080019E621 /* BindableButton.swift in Sources */ = {isa = PBXBuildFile; fileRef = 50C4A0E41A7AEB300010C199 /* BindableButton.swift */; };
		E462F9301AE83A080019E621 /* BindableSwitch.swift in Sources */ = {isa = PBXBuildFile; fileRef = 504ECC021AA1A491006F05C2 /* BindableSwitch.swift */; };
		E462F9311AE83A080019E621 /* BindableTableView.swift in Sources */ = {isa = PBXBuildFile; fileRef = 50C4A0E91A7AEC970010C199 /* BindableTableView.swift */; };
		E462F9321AE83A080019E621 /* BindableTableSection.swift in Sources */ = {isa = PBXBuildFile; fileRef = 50AA32B31A8D49600073EA6A /* BindableTableSection.swift */; };
		E462F9331AE83A080019E621 /* PBindableTableSection.swift in Sources */ = {isa = PBXBuildFile; fileRef = 50965EF21A9A6FDF00258080 /* PBindableTableSection.swift */; };
		E462F9341AE83A080019E621 /* BindableCollectionView.swift in Sources */ = {isa = PBXBuildFile; fileRef = 50BB68941A8574A800842372 /* BindableCollectionView.swift */; };
		E462F9351AE83A080019E621 /* BindableCollectionSection.swift in Sources */ = {isa = PBXBuildFile; fileRef = 50965EF01A9A6FC100258080 /* BindableCollectionSection.swift */; };
		E462F9361AE83A080019E621 /* PBindableCollectionSection.swift in Sources */ = {isa = PBXBuildFile; fileRef = 50965EF41A9A701200258080 /* PBindableCollectionSection.swift */; };
		E462F9381AE83BD30019E621 /* Podfile in Resources */ = {isa = PBXBuildFile; fileRef = E462F9371AE83BD30019E621 /* Podfile */; };
/* End PBXBuildFile section */

/* Begin PBXContainerItemProxy section */
		50C4A0C91A7AEA8B0010C199 /* PBXContainerItemProxy */ = {
			isa = PBXContainerItemProxy;
			containerPortal = 50C4A0B31A7AEA8B0010C199 /* Project object */;
			proxyType = 1;
			remoteGlobalIDString = 50C4A0BB1A7AEA8B0010C199;
			remoteInfo = SwiftBindingUI;
		};
/* End PBXContainerItemProxy section */

/* Begin PBXFileReference section */
		08E5ED2C1C043FACEB0252F2 /* Pods.release.xcconfig */ = {isa = PBXFileReference; includeInIndex = 1; lastKnownFileType = text.xcconfig; name = Pods.release.xcconfig; path = "Pods/Target Support Files/Pods/Pods.release.xcconfig"; sourceTree = "<group>"; };
		5033B9E41A803BC700516627 /* Cartfile */ = {isa = PBXFileReference; lastKnownFileType = text; path = Cartfile; sourceTree = "<group>"; };
		5033B9E51A803C8E00516627 /* SwiftBinding.framework */ = {isa = PBXFileReference; lastKnownFileType = wrapper.framework; name = SwiftBinding.framework; path = Carthage/Build/iOS/SwiftBinding.framework; sourceTree = "<group>"; };
		504ECC021AA1A491006F05C2 /* BindableSwitch.swift */ = {isa = PBXFileReference; fileEncoding = 4; lastKnownFileType = sourcecode.swift; path = BindableSwitch.swift; sourceTree = "<group>"; };
		50544D5D1AC5E2B700BD1B8E /* PTextBindable.swift */ = {isa = PBXFileReference; fileEncoding = 4; lastKnownFileType = sourcecode.swift; path = PTextBindable.swift; sourceTree = "<group>"; };
		50544D611AC5E39400BD1B8E /* PHiddenBindable.swift */ = {isa = PBXFileReference; fileEncoding = 4; lastKnownFileType = sourcecode.swift; path = PHiddenBindable.swift; sourceTree = "<group>"; };
		50965EF01A9A6FC100258080 /* BindableCollectionSection.swift */ = {isa = PBXFileReference; fileEncoding = 4; lastKnownFileType = sourcecode.swift; path = BindableCollectionSection.swift; sourceTree = "<group>"; };
		50965EF21A9A6FDF00258080 /* PBindableTableSection.swift */ = {isa = PBXFileReference; fileEncoding = 4; lastKnownFileType = sourcecode.swift; path = PBindableTableSection.swift; sourceTree = "<group>"; };
		50965EF41A9A701200258080 /* PBindableCollectionSection.swift */ = {isa = PBXFileReference; fileEncoding = 4; lastKnownFileType = sourcecode.swift; path = PBindableCollectionSection.swift; sourceTree = "<group>"; };
		50AA32B31A8D49600073EA6A /* BindableTableSection.swift */ = {isa = PBXFileReference; fileEncoding = 4; lastKnownFileType = sourcecode.swift; path = BindableTableSection.swift; sourceTree = "<group>"; };
		50AA32C61A8EC5A60073EA6A /* BindableLabel.swift */ = {isa = PBXFileReference; fileEncoding = 4; lastKnownFileType = sourcecode.swift; path = BindableLabel.swift; sourceTree = "<group>"; };
		50BB68941A8574A800842372 /* BindableCollectionView.swift */ = {isa = PBXFileReference; fileEncoding = 4; lastKnownFileType = sourcecode.swift; path = BindableCollectionView.swift; sourceTree = "<group>"; };
		50BDFB1D1A8980C800681CD6 /* README.md */ = {isa = PBXFileReference; fileEncoding = 4; lastKnownFileType = net.daringfireball.markdown; path = README.md; sourceTree = "<group>"; };
		50BEF3111AA908A700790864 /* BindableView.swift */ = {isa = PBXFileReference; fileEncoding = 4; lastKnownFileType = sourcecode.swift; path = BindableView.swift; sourceTree = "<group>"; };
		50C4A0BC1A7AEA8B0010C199 /* SwiftBindingUI.framework */ = {isa = PBXFileReference; explicitFileType = wrapper.framework; includeInIndex = 0; path = SwiftBindingUI.framework; sourceTree = BUILT_PRODUCTS_DIR; };
		50C4A0C01A7AEA8B0010C199 /* Info.plist */ = {isa = PBXFileReference; lastKnownFileType = text.plist.xml; path = Info.plist; sourceTree = "<group>"; };
		50C4A0C11A7AEA8B0010C199 /* SwiftBindingUI.h */ = {isa = PBXFileReference; lastKnownFileType = sourcecode.c.h; path = SwiftBindingUI.h; sourceTree = "<group>"; };
		50C4A0C71A7AEA8B0010C199 /* SwiftBindingUITests.xctest */ = {isa = PBXFileReference; explicitFileType = wrapper.cfbundle; includeInIndex = 0; path = SwiftBindingUITests.xctest; sourceTree = BUILT_PRODUCTS_DIR; };
		50C4A0CD1A7AEA8B0010C199 /* Info.plist */ = {isa = PBXFileReference; lastKnownFileType = text.plist.xml; path = Info.plist; sourceTree = "<group>"; };
		50C4A0CE1A7AEA8B0010C199 /* SwiftBindingUITests.swift */ = {isa = PBXFileReference; lastKnownFileType = sourcecode.swift; path = SwiftBindingUITests.swift; sourceTree = "<group>"; };
		50C4A0E41A7AEB300010C199 /* BindableButton.swift */ = {isa = PBXFileReference; fileEncoding = 4; lastKnownFileType = sourcecode.swift; path = BindableButton.swift; sourceTree = "<group>"; };
		50C4A0E61A7AEC970010C199 /* BindableTextField.swift */ = {isa = PBXFileReference; fileEncoding = 4; lastKnownFileType = sourcecode.swift; path = BindableTextField.swift; sourceTree = "<group>"; };
		50C4A0E71A7AEC970010C199 /* BindableTextView.swift */ = {isa = PBXFileReference; fileEncoding = 4; lastKnownFileType = sourcecode.swift; path = BindableTextView.swift; sourceTree = "<group>"; };
		50C4A0E81A7AEC970010C199 /* BindableImageView.swift */ = {isa = PBXFileReference; fileEncoding = 4; lastKnownFileType = sourcecode.swift; path = BindableImageView.swift; sourceTree = "<group>"; };
		50C4A0E91A7AEC970010C199 /* BindableTableView.swift */ = {isa = PBXFileReference; fileEncoding = 4; lastKnownFileType = sourcecode.swift; path = BindableTableView.swift; sourceTree = "<group>"; };
		50C4A0EA1A7AEC970010C199 /* BindableSearchBar.swift */ = {isa = PBXFileReference; fileEncoding = 4; lastKnownFileType = sourcecode.swift; path = BindableSearchBar.swift; sourceTree = "<group>"; };
		C241FD5F9C8B1498C8B9D78A /* Pods.debug.xcconfig */ = {isa = PBXFileReference; includeInIndex = 1; lastKnownFileType = text.xcconfig; name = Pods.debug.xcconfig; path = "Pods/Target Support Files/Pods/Pods.debug.xcconfig"; sourceTree = "<group>"; };
		CF324CF05A4F9B9CD14B852C /* Pods.framework */ = {isa = PBXFileReference; explicitFileType = wrapper.framework; includeInIndex = 0; path = Pods.framework; sourceTree = BUILT_PRODUCTS_DIR; };
		E45982031AE85DCC008393A5 /* Pods.framework */ = {isa = PBXFileReference; lastKnownFileType = wrapper.framework; name = Pods.framework; path = "Pods/../build/Debug-iphoneos/Pods.framework"; sourceTree = "<group>"; };
		E45982051AE85E31008393A5 /* Pods.framework */ = {isa = PBXFileReference; lastKnownFileType = wrapper.framework; name = Pods.framework; path = "Pods/../build/Debug-iphoneos/Pods.framework"; sourceTree = "<group>"; };
		E45982071AE85E3F008393A5 /* SwiftBinding.framework */ = {isa = PBXFileReference; lastKnownFileType = wrapper.framework; name = SwiftBinding.framework; path = "Pods/../build/Debug-iphoneos/Pods/SwiftBinding.framework"; sourceTree = "<group>"; };
		E45982091AE85FBA008393A5 /* Pods.framework */ = {isa = PBXFileReference; lastKnownFileType = wrapper.framework; name = Pods.framework; path = "Pods/../build/Debug-iphoneos/Pods.framework"; sourceTree = "<group>"; };
		E459820B1AE8655D008393A5 /* SwiftBindingUI.podspec */ = {isa = PBXFileReference; fileEncoding = 4; lastKnownFileType = text; path = SwiftBindingUI.podspec; sourceTree = "<group>"; };
		E459820D1AE87902008393A5 /* UIKit.framework */ = {isa = PBXFileReference; lastKnownFileType = wrapper.framework; name = UIKit.framework; path = System/Library/Frameworks/UIKit.framework; sourceTree = SDKROOT; };
		E462F9371AE83BD30019E621 /* Podfile */ = {isa = PBXFileReference; fileEncoding = 4; lastKnownFileType = text; path = Podfile; sourceTree = "<group>"; xcLanguageSpecificationIdentifier = xcode.lang.ruby; };
/* End PBXFileReference section */

/* Begin PBXFrameworksBuildPhase section */
		50C4A0B81A7AEA8B0010C199 /* Frameworks */ = {
			isa = PBXFrameworksBuildPhase;
			buildActionMask = 2147483647;
			files = (
				E459820E1AE87902008393A5 /* UIKit.framework in Frameworks */,
				54C065B642E975FB8E577746 /* Pods.framework in Frameworks */,
			);
			runOnlyForDeploymentPostprocessing = 0;
		};
		50C4A0C41A7AEA8B0010C199 /* Frameworks */ = {
			isa = PBXFrameworksBuildPhase;
			buildActionMask = 2147483647;
			files = (
				E459820A1AE85FBA008393A5 /* Pods.framework in Frameworks */,
				50C4A0C81A7AEA8B0010C199 /* SwiftBindingUI.framework in Frameworks */,
			);
			runOnlyForDeploymentPostprocessing = 0;
		};
/* End PBXFrameworksBuildPhase section */

/* Begin PBXGroup section */
		5033B9E71A803CAE00516627 /* Frameworks */ = {
			isa = PBXGroup;
			children = (
				E459820D1AE87902008393A5 /* UIKit.framework */,
				E45982091AE85FBA008393A5 /* Pods.framework */,
				E45982071AE85E3F008393A5 /* SwiftBinding.framework */,
				E45982051AE85E31008393A5 /* Pods.framework */,
				E45982031AE85DCC008393A5 /* Pods.framework */,
				5033B9E51A803C8E00516627 /* SwiftBinding.framework */,
				CF324CF05A4F9B9CD14B852C /* Pods.framework */,
			);
			name = Frameworks;
			sourceTree = "<group>";
		};
		50544D601AC5E36100BD1B8E /* Components */ = {
			isa = PBXGroup;
			children = (
				50BEF3111AA908A700790864 /* BindableView.swift */,
				50AA32C61A8EC5A60073EA6A /* BindableLabel.swift */,
				50C4A0E61A7AEC970010C199 /* BindableTextField.swift */,
				50C4A0E71A7AEC970010C199 /* BindableTextView.swift */,
				50C4A0E81A7AEC970010C199 /* BindableImageView.swift */,
				50C4A0EA1A7AEC970010C199 /* BindableSearchBar.swift */,
				50C4A0E41A7AEB300010C199 /* BindableButton.swift */,
				504ECC021AA1A491006F05C2 /* BindableSwitch.swift */,
				50965EEE1A9A6E1400258080 /* Table */,
				50965EEF1A9A6E3700258080 /* Collection */,
			);
			name = Components;
			sourceTree = "<group>";
		};
		50965EEE1A9A6E1400258080 /* Table */ = {
			isa = PBXGroup;
			children = (
				50C4A0E91A7AEC970010C199 /* BindableTableView.swift */,
				50AA32B31A8D49600073EA6A /* BindableTableSection.swift */,
				50965EF21A9A6FDF00258080 /* PBindableTableSection.swift */,
			);
			name = Table;
			sourceTree = "<group>";
		};
		50965EEF1A9A6E3700258080 /* Collection */ = {
			isa = PBXGroup;
			children = (
				50BB68941A8574A800842372 /* BindableCollectionView.swift */,
				50965EF01A9A6FC100258080 /* BindableCollectionSection.swift */,
				50965EF41A9A701200258080 /* PBindableCollectionSection.swift */,
			);
			name = Collection;
			sourceTree = "<group>";
		};
		50C4A0B21A7AEA8B0010C199 = {
			isa = PBXGroup;
			children = (
				E459820B1AE8655D008393A5 /* SwiftBindingUI.podspec */,
				E462F9371AE83BD30019E621 /* Podfile */,
				50BDFB1D1A8980C800681CD6 /* README.md */,
				5033B9E41A803BC700516627 /* Cartfile */,
				50C4A0BE1A7AEA8B0010C199 /* SwiftBindingUI */,
				50C4A0CB1A7AEA8B0010C199 /* SwiftBindingUITests */,
				50C4A0BD1A7AEA8B0010C199 /* Products */,
				5033B9E71A803CAE00516627 /* Frameworks */,
				667EB83026076778C6CFB8A4 /* Pods */,
			);
			sourceTree = "<group>";
		};
		50C4A0BD1A7AEA8B0010C199 /* Products */ = {
			isa = PBXGroup;
			children = (
				50C4A0BC1A7AEA8B0010C199 /* SwiftBindingUI.framework */,
				50C4A0C71A7AEA8B0010C199 /* SwiftBindingUITests.xctest */,
			);
			name = Products;
			sourceTree = "<group>";
		};
		50C4A0BE1A7AEA8B0010C199 /* SwiftBindingUI */ = {
			isa = PBXGroup;
			children = (
				50544D611AC5E39400BD1B8E /* PHiddenBindable.swift */,
				50544D5D1AC5E2B700BD1B8E /* PTextBindable.swift */,
				50544D601AC5E36100BD1B8E /* Components */,
				50C4A0C11A7AEA8B0010C199 /* SwiftBindingUI.h */,
				50C4A0BF1A7AEA8B0010C199 /* Supporting Files */,
			);
			path = SwiftBindingUI;
			sourceTree = "<group>";
		};
		50C4A0BF1A7AEA8B0010C199 /* Supporting Files */ = {
			isa = PBXGroup;
			children = (
				50C4A0C01A7AEA8B0010C199 /* Info.plist */,
			);
			name = "Supporting Files";
			sourceTree = "<group>";
		};
		50C4A0CB1A7AEA8B0010C199 /* SwiftBindingUITests */ = {
			isa = PBXGroup;
			children = (
				50C4A0CE1A7AEA8B0010C199 /* SwiftBindingUITests.swift */,
				50C4A0CC1A7AEA8B0010C199 /* Supporting Files */,
			);
			path = SwiftBindingUITests;
			sourceTree = "<group>";
		};
		50C4A0CC1A7AEA8B0010C199 /* Supporting Files */ = {
			isa = PBXGroup;
			children = (
				50C4A0CD1A7AEA8B0010C199 /* Info.plist */,
			);
			name = "Supporting Files";
			sourceTree = "<group>";
		};
		667EB83026076778C6CFB8A4 /* Pods */ = {
			isa = PBXGroup;
			children = (
				C241FD5F9C8B1498C8B9D78A /* Pods.debug.xcconfig */,
				08E5ED2C1C043FACEB0252F2 /* Pods.release.xcconfig */,
			);
			name = Pods;
			sourceTree = "<group>";
		};
/* End PBXGroup section */

/* Begin PBXHeadersBuildPhase section */
		50C4A0B91A7AEA8B0010C199 /* Headers */ = {
			isa = PBXHeadersBuildPhase;
			buildActionMask = 2147483647;
			files = (
				50C4A0C21A7AEA8B0010C199 /* SwiftBindingUI.h in Headers */,
			);
			runOnlyForDeploymentPostprocessing = 0;
		};
/* End PBXHeadersBuildPhase section */

/* Begin PBXNativeTarget section */
		50C4A0BB1A7AEA8B0010C199 /* SwiftBindingUI */ = {
			isa = PBXNativeTarget;
			buildConfigurationList = 50C4A0D21A7AEA8B0010C199 /* Build configuration list for PBXNativeTarget "SwiftBindingUI" */;
			buildPhases = (
				11C607E7EC707ED176F7D98A /* Check Pods Manifest.lock */,
				50C4A0B71A7AEA8B0010C199 /* Sources */,
				50C4A0B81A7AEA8B0010C199 /* Frameworks */,
				50C4A0B91A7AEA8B0010C199 /* Headers */,
				50C4A0BA1A7AEA8B0010C199 /* Resources */,
				6048B54A6C151BA05F8A539D /* Copy Pods Resources */,
				43E28A4BA5B01805394F586C /* Embed Pods Frameworks */,
			);
			buildRules = (
			);
			dependencies = (
			);
			name = SwiftBindingUI;
			productName = SwiftBindingUI;
			productReference = 50C4A0BC1A7AEA8B0010C199 /* SwiftBindingUI.framework */;
			productType = "com.apple.product-type.framework";
		};
		50C4A0C61A7AEA8B0010C199 /* SwiftBindingUITests */ = {
			isa = PBXNativeTarget;
			buildConfigurationList = 50C4A0D51A7AEA8B0010C199 /* Build configuration list for PBXNativeTarget "SwiftBindingUITests" */;
			buildPhases = (
				50C4A0C31A7AEA8B0010C199 /* Sources */,
				50C4A0C41A7AEA8B0010C199 /* Frameworks */,
				50C4A0C51A7AEA8B0010C199 /* Resources */,
			);
			buildRules = (
			);
			dependencies = (
				50C4A0CA1A7AEA8B0010C199 /* PBXTargetDependency */,
			);
			name = SwiftBindingUITests;
			productName = SwiftBindingUITests;
			productReference = 50C4A0C71A7AEA8B0010C199 /* SwiftBindingUITests.xctest */;
			productType = "com.apple.product-type.bundle.unit-test";
		};
/* End PBXNativeTarget section */

/* Begin PBXProject section */
		50C4A0B31A7AEA8B0010C199 /* Project object */ = {
			isa = PBXProject;
			attributes = {
				LastUpgradeCheck = 0610;
				ORGANIZATIONNAME = Scal.io;
				TargetAttributes = {
					50C4A0BB1A7AEA8B0010C199 = {
						CreatedOnToolsVersion = 6.1.1;
					};
					50C4A0C61A7AEA8B0010C199 = {
						CreatedOnToolsVersion = 6.1.1;
					};
				};
			};
			buildConfigurationList = 50C4A0B61A7AEA8B0010C199 /* Build configuration list for PBXProject "SwiftBindingUI" */;
			compatibilityVersion = "Xcode 3.2";
			developmentRegion = English;
			hasScannedForEncodings = 0;
			knownRegions = (
				en,
			);
			mainGroup = 50C4A0B21A7AEA8B0010C199;
			productRefGroup = 50C4A0BD1A7AEA8B0010C199 /* Products */;
			projectDirPath = "";
			projectRoot = "";
			targets = (
				50C4A0BB1A7AEA8B0010C199 /* SwiftBindingUI */,
				50C4A0C61A7AEA8B0010C199 /* SwiftBindingUITests */,
			);
		};
/* End PBXProject section */

/* Begin PBXResourcesBuildPhase section */
		50C4A0BA1A7AEA8B0010C199 /* Resources */ = {
			isa = PBXResourcesBuildPhase;
			buildActionMask = 2147483647;
			files = (
				E462F9381AE83BD30019E621 /* Podfile in Resources */,
			);
			runOnlyForDeploymentPostprocessing = 0;
		};
		50C4A0C51A7AEA8B0010C199 /* Resources */ = {
			isa = PBXResourcesBuildPhase;
			buildActionMask = 2147483647;
			files = (
			);
			runOnlyForDeploymentPostprocessing = 0;
		};
/* End PBXResourcesBuildPhase section */

/* Begin PBXShellScriptBuildPhase section */
		11C607E7EC707ED176F7D98A /* Check Pods Manifest.lock */ = {
			isa = PBXShellScriptBuildPhase;
			buildActionMask = 2147483647;
			files = (
			);
			inputPaths = (
			);
			name = "Check Pods Manifest.lock";
			outputPaths = (
			);
			runOnlyForDeploymentPostprocessing = 0;
			shellPath = /bin/sh;
			shellScript = "diff \"${PODS_ROOT}/../Podfile.lock\" \"${PODS_ROOT}/Manifest.lock\" > /dev/null\nif [[ $? != 0 ]] ; then\n    cat << EOM\nerror: The sandbox is not in sync with the Podfile.lock. Run 'pod install' or update your CocoaPods installation.\nEOM\n    exit 1\nfi\n";
			showEnvVarsInLog = 0;
		};
		43E28A4BA5B01805394F586C /* Embed Pods Frameworks */ = {
			isa = PBXShellScriptBuildPhase;
			buildActionMask = 2147483647;
			files = (
			);
			inputPaths = (
			);
			name = "Embed Pods Frameworks";
			outputPaths = (
			);
			runOnlyForDeploymentPostprocessing = 0;
			shellPath = /bin/sh;
			shellScript = "\"${SRCROOT}/Pods/Target Support Files/Pods/Pods-frameworks.sh\"\n";
			showEnvVarsInLog = 0;
		};
		6048B54A6C151BA05F8A539D /* Copy Pods Resources */ = {
			isa = PBXShellScriptBuildPhase;
			buildActionMask = 2147483647;
			files = (
			);
			inputPaths = (
			);
			name = "Copy Pods Resources";
			outputPaths = (
			);
			runOnlyForDeploymentPostprocessing = 0;
			shellPath = /bin/sh;
			shellScript = "\"${SRCROOT}/Pods/Target Support Files/Pods/Pods-resources.sh\"\n";
			showEnvVarsInLog = 0;
		};
/* End PBXShellScriptBuildPhase section */

/* Begin PBXSourcesBuildPhase section */
		50C4A0B71A7AEA8B0010C199 /* Sources */ = {
			isa = PBXSourcesBuildPhase;
			buildActionMask = 2147483647;
			files = (
				50C4A0EB1A7AEC970010C199 /* BindableTextField.swift in Sources */,
				50965EF51A9A701200258080 /* PBindableCollectionSection.swift in Sources */,
				50C4A0ED1A7AEC970010C199 /* BindableImageView.swift in Sources */,
				50C4A0E51A7AEB300010C199 /* BindableButton.swift in Sources */,
				50544D5E1AC5E2B700BD1B8E /* PTextBindable.swift in Sources */,
				50C4A0EC1A7AEC970010C199 /* BindableTextView.swift in Sources */,
				50965EF31A9A6FDF00258080 /* PBindableTableSection.swift in Sources */,
				50965EF11A9A6FC100258080 /* BindableCollectionSection.swift in Sources */,
				50C4A0EF1A7AEC970010C199 /* BindableSearchBar.swift in Sources */,
				50544D621AC5E39400BD1B8E /* PHiddenBindable.swift in Sources */,
				50AA32B41A8D49600073EA6A /* BindableTableSection.swift in Sources */,
				504ECC031AA1A491006F05C2 /* BindableSwitch.swift in Sources */,
				50BEF3121AA908A700790864 /* BindableView.swift in Sources */,
				50C4A0EE1A7AEC970010C199 /* BindableTableView.swift in Sources */,
				50AA32C71A8EC5A60073EA6A /* BindableLabel.swift in Sources */,
				50BB68951A8574A800842372 /* BindableCollectionView.swift in Sources */,
			);
			runOnlyForDeploymentPostprocessing = 0;
		};
		50C4A0C31A7AEA8B0010C199 /* Sources */ = {
			isa = PBXSourcesBuildPhase;
			buildActionMask = 2147483647;
			files = (
				E462F9271AE83A080019E621 /* PHiddenBindable.swift in Sources */,
				E462F9281AE83A080019E621 /* PTextBindable.swift in Sources */,
				E462F9291AE83A080019E621 /* BindableView.swift in Sources */,
				E462F92A1AE83A080019E621 /* BindableLabel.swift in Sources */,
				E462F92B1AE83A080019E621 /* BindableTextField.swift in Sources */,
				E462F92C1AE83A080019E621 /* BindableTextView.swift in Sources */,
				E462F92D1AE83A080019E621 /* BindableImageView.swift in Sources */,
				E462F92E1AE83A080019E621 /* BindableSearchBar.swift in Sources */,
				E462F92F1AE83A080019E621 /* BindableButton.swift in Sources */,
				E462F9301AE83A080019E621 /* BindableSwitch.swift in Sources */,
				E462F9311AE83A080019E621 /* BindableTableView.swift in Sources */,
				E462F9321AE83A080019E621 /* BindableTableSection.swift in Sources */,
				E462F9331AE83A080019E621 /* PBindableTableSection.swift in Sources */,
				E462F9341AE83A080019E621 /* BindableCollectionView.swift in Sources */,
				E462F9351AE83A080019E621 /* BindableCollectionSection.swift in Sources */,
				E462F9361AE83A080019E621 /* PBindableCollectionSection.swift in Sources */,
			);
			runOnlyForDeploymentPostprocessing = 0;
		};
/* End PBXSourcesBuildPhase section */

/* Begin PBXTargetDependency section */
		50C4A0CA1A7AEA8B0010C199 /* PBXTargetDependency */ = {
			isa = PBXTargetDependency;
			target = 50C4A0BB1A7AEA8B0010C199 /* SwiftBindingUI */;
			targetProxy = 50C4A0C91A7AEA8B0010C199 /* PBXContainerItemProxy */;
		};
/* End PBXTargetDependency section */

/* Begin XCBuildConfiguration section */
		50C4A0D01A7AEA8B0010C199 /* Debug */ = {
			isa = XCBuildConfiguration;
			buildSettings = {
				ALWAYS_SEARCH_USER_PATHS = NO;
				CLANG_CXX_LANGUAGE_STANDARD = "gnu++0x";
				CLANG_CXX_LIBRARY = "libc++";
				CLANG_ENABLE_MODULES = YES;
				CLANG_ENABLE_OBJC_ARC = YES;
				CLANG_WARN_BOOL_CONVERSION = YES;
				CLANG_WARN_CONSTANT_CONVERSION = YES;
				CLANG_WARN_DIRECT_OBJC_ISA_USAGE = YES_ERROR;
				CLANG_WARN_EMPTY_BODY = YES;
				CLANG_WARN_ENUM_CONVERSION = YES;
				CLANG_WARN_INT_CONVERSION = YES;
				CLANG_WARN_OBJC_ROOT_CLASS = YES_ERROR;
				CLANG_WARN_UNREACHABLE_CODE = YES;
				CLANG_WARN__DUPLICATE_METHOD_MATCH = YES;
				"CODE_SIGN_IDENTITY[sdk=iphoneos*]" = "iPhone Developer";
				COPY_PHASE_STRIP = NO;
				CURRENT_PROJECT_VERSION = 1;
				ENABLE_STRICT_OBJC_MSGSEND = YES;
				GCC_C_LANGUAGE_STANDARD = gnu99;
				GCC_DYNAMIC_NO_PIC = NO;
				GCC_OPTIMIZATION_LEVEL = 0;
				GCC_PREPROCESSOR_DEFINITIONS = (
					"DEBUG=1",
					"$(inherited)",
				);
				GCC_SYMBOLS_PRIVATE_EXTERN = NO;
				GCC_WARN_64_TO_32_BIT_CONVERSION = YES;
				GCC_WARN_ABOUT_RETURN_TYPE = YES_ERROR;
				GCC_WARN_UNDECLARED_SELECTOR = YES;
				GCC_WARN_UNINITIALIZED_AUTOS = YES_AGGRESSIVE;
				GCC_WARN_UNUSED_FUNCTION = YES;
				GCC_WARN_UNUSED_VARIABLE = YES;
				IPHONEOS_DEPLOYMENT_TARGET = 8.1;
				MTL_ENABLE_DEBUG_INFO = YES;
				ONLY_ACTIVE_ARCH = YES;
				SDKROOT = iphoneos;
				SWIFT_OPTIMIZATION_LEVEL = "-Onone";
				TARGETED_DEVICE_FAMILY = "1,2";
				VERSIONING_SYSTEM = "apple-generic";
				VERSION_INFO_PREFIX = "";
			};
			name = Debug;
		};
		50C4A0D11A7AEA8B0010C199 /* Release */ = {
			isa = XCBuildConfiguration;
			buildSettings = {
				ALWAYS_SEARCH_USER_PATHS = NO;
				CLANG_CXX_LANGUAGE_STANDARD = "gnu++0x";
				CLANG_CXX_LIBRARY = "libc++";
				CLANG_ENABLE_MODULES = YES;
				CLANG_ENABLE_OBJC_ARC = YES;
				CLANG_WARN_BOOL_CONVERSION = YES;
				CLANG_WARN_CONSTANT_CONVERSION = YES;
				CLANG_WARN_DIRECT_OBJC_ISA_USAGE = YES_ERROR;
				CLANG_WARN_EMPTY_BODY = YES;
				CLANG_WARN_ENUM_CONVERSION = YES;
				CLANG_WARN_INT_CONVERSION = YES;
				CLANG_WARN_OBJC_ROOT_CLASS = YES_ERROR;
				CLANG_WARN_UNREACHABLE_CODE = YES;
				CLANG_WARN__DUPLICATE_METHOD_MATCH = YES;
				"CODE_SIGN_IDENTITY[sdk=iphoneos*]" = "iPhone Developer";
				COPY_PHASE_STRIP = YES;
				CURRENT_PROJECT_VERSION = 1;
				ENABLE_NS_ASSERTIONS = NO;
				ENABLE_STRICT_OBJC_MSGSEND = YES;
				GCC_C_LANGUAGE_STANDARD = gnu99;
				GCC_WARN_64_TO_32_BIT_CONVERSION = YES;
				GCC_WARN_ABOUT_RETURN_TYPE = YES_ERROR;
				GCC_WARN_UNDECLARED_SELECTOR = YES;
				GCC_WARN_UNINITIALIZED_AUTOS = YES_AGGRESSIVE;
				GCC_WARN_UNUSED_FUNCTION = YES;
				GCC_WARN_UNUSED_VARIABLE = YES;
				IPHONEOS_DEPLOYMENT_TARGET = 8.1;
				MTL_ENABLE_DEBUG_INFO = NO;
				SDKROOT = iphoneos;
				TARGETED_DEVICE_FAMILY = "1,2";
				VALIDATE_PRODUCT = YES;
				VERSIONING_SYSTEM = "apple-generic";
				VERSION_INFO_PREFIX = "";
			};
			name = Release;
		};
		50C4A0D31A7AEA8B0010C199 /* Debug */ = {
			isa = XCBuildConfiguration;
			baseConfigurationReference = C241FD5F9C8B1498C8B9D78A /* Pods.debug.xcconfig */;
			buildSettings = {
				CLANG_ENABLE_MODULES = YES;
				DEFINES_MODULE = YES;
				DYLIB_COMPATIBILITY_VERSION = 1;
				DYLIB_CURRENT_VERSION = 1;
				DYLIB_INSTALL_NAME_BASE = "@rpath";
				FRAMEWORK_SEARCH_PATHS = (
					"$(inherited)",
					"$(PROJECT_DIR)/Carthage/Build/iOS",
				);
				INFOPLIST_FILE = SwiftBindingUI/Info.plist;
				INSTALL_PATH = "$(LOCAL_LIBRARY_DIR)/Frameworks";
				LD_RUNPATH_SEARCH_PATHS = "$(inherited) @executable_path/Frameworks @loader_path/Frameworks";
				PRODUCT_NAME = SwiftBindingUI;
				SKIP_INSTALL = YES;
				SWIFT_OPTIMIZATION_LEVEL = "-Onone";
			};
			name = Debug;
		};
		50C4A0D41A7AEA8B0010C199 /* Release */ = {
			isa = XCBuildConfiguration;
			baseConfigurationReference = 08E5ED2C1C043FACEB0252F2 /* Pods.release.xcconfig */;
			buildSettings = {
				CLANG_ENABLE_MODULES = YES;
				DEFINES_MODULE = YES;
				DYLIB_COMPATIBILITY_VERSION = 1;
				DYLIB_CURRENT_VERSION = 1;
				DYLIB_INSTALL_NAME_BASE = "@rpath";
				FRAMEWORK_SEARCH_PATHS = (
					"$(inherited)",
					"$(PROJECT_DIR)/Carthage/Build/iOS",
				);
				INFOPLIST_FILE = SwiftBindingUI/Info.plist;
				INSTALL_PATH = "$(LOCAL_LIBRARY_DIR)/Frameworks";
				LD_RUNPATH_SEARCH_PATHS = "$(inherited) @executable_path/Frameworks @loader_path/Frameworks";
				PRODUCT_NAME = SwiftBindingUI;
				SKIP_INSTALL = YES;
			};
			name = Release;
		};
		50C4A0D61A7AEA8B0010C199 /* Debug */ = {
			isa = XCBuildConfiguration;
			baseConfigurationReference = C241FD5F9C8B1498C8B9D78A /* Pods.debug.xcconfig */;
			buildSettings = {
				FRAMEWORK_SEARCH_PATHS = (
					"$(SDKROOT)/Developer/Library/Frameworks",
					"$(inherited)",
					"$(PROJECT_DIR)/Carthage/Build/iOS",
					"$(PROJECT_DIR)/build/Debug-iphoneos",
					"$(PROJECT_DIR)/build/Debug-iphoneos/Pods",
				);
				GCC_PREPROCESSOR_DEFINITIONS = (
					"DEBUG=1",
					"$(inherited)",
				);
				INFOPLIST_FILE = SwiftBindingUITests/Info.plist;
				LD_RUNPATH_SEARCH_PATHS = "$(inherited) @executable_path/Frameworks @loader_path/Frameworks";
				PRODUCT_NAME = SwiftBindingUITests;
			};
			name = Debug;
		};
		50C4A0D71A7AEA8B0010C199 /* Release */ = {
			isa = XCBuildConfiguration;
			baseConfigurationReference = 08E5ED2C1C043FACEB0252F2 /* Pods.release.xcconfig */;
			buildSettings = {
				FRAMEWORK_SEARCH_PATHS = (
					"$(SDKROOT)/Developer/Library/Frameworks",
					"$(inherited)",
					"$(PROJECT_DIR)/Carthage/Build/iOS",
					"$(PROJECT_DIR)/build/Debug-iphoneos",
					"$(PROJECT_DIR)/build/Debug-iphoneos/Pods",
				);
				INFOPLIST_FILE = SwiftBindingUITests/Info.plist;
				LD_RUNPATH_SEARCH_PATHS = "$(inherited) @executable_path/Frameworks @loader_path/Frameworks";
				PRODUCT_NAME = SwiftBindingUITests;
			};
			name = Release;
		};
/* End XCBuildConfiguration section */

/* Begin XCConfigurationList section */
		50C4A0B61A7AEA8B0010C199 /* Build configuration list for PBXProject "SwiftBindingUI" */ = {
			isa = XCConfigurationList;
			buildConfigurations = (
				50C4A0D01A7AEA8B0010C199 /* Debug */,
				50C4A0D11A7AEA8B0010C199 /* Release */,
			);
			defaultConfigurationIsVisible = 0;
			defaultConfigurationName = Release;
		};
		50C4A0D21A7AEA8B0010C199 /* Build configuration list for PBXNativeTarget "SwiftBindingUI" */ = {
			isa = XCConfigurationList;
			buildConfigurations = (
				50C4A0D31A7AEA8B0010C199 /* Debug */,
				50C4A0D41A7AEA8B0010C199 /* Release */,
			);
			defaultConfigurationIsVisible = 0;
			defaultConfigurationName = Release;
		};
		50C4A0D51A7AEA8B0010C199 /* Build configuration list for PBXNativeTarget "SwiftBindingUITests" */ = {
			isa = XCConfigurationList;
			buildConfigurations = (
				50C4A0D61A7AEA8B0010C199 /* Debug */,
				50C4A0D71A7AEA8B0010C199 /* Release */,
			);
			defaultConfigurationIsVisible = 0;
			defaultConfigurationName = Release;
		};
/* End XCConfigurationList section */
	};
	rootObject = 50C4A0B31A7AEA8B0010C199 /* Project object */;
}
